
Microsoft Visual Studio Solution File, Format Version 12.00
# Visual Studio Version 16
VisualStudioVersion = 16.0.29503.13
MinimumVisualStudioVersion = 10.0.40219.1
Project("{FAE04EC0-301F-11D3-BF4B-00C04F79EFBC}") = "ghostTetris", "ghostTetris\ghostTetris.csproj", "{DD39E6BC-B764-498B-9D49-F620B959CB5D}"
EndProject
Global
	GlobalSection(SolutionConfigurationPlatforms) = preSolution
		Debug|Any CPU = Debug|Any CPU
		Release|Any CPU = Release|Any CPU
	EndGlobalSection
	GlobalSection(ProjectConfigurationPlatforms) = postSolution
		{DD39E6BC-B764-498B-9D49-F620B959CB5D}.Debug|Any CPU.ActiveCfg = Debug|Any CPU
		{DD39E6BC-B764-498B-9D49-F620B959CB5D}.Debug|Any CPU.Build.0 = Debug|Any CPU
		{DD39E6BC-B764-498B-9D49-F620B959CB5D}.Release|Any CPU.ActiveCfg = Release|Any CPU
		{DD39E6BC-B764-498B-9D49-F620B959CB5D}.Release|Any CPU.Build.0 = Release|Any CPU
	EndGlobalSection
	GlobalSection(SolutionProperties) = preSolution
		HideSolutionNode = FALSE
	EndGlobalSection
	GlobalSection(ExtensibilityGlobals) = postSolution
		SolutionGuid = {38404033-731D-4F26-BF46-1B0FE8F8DF4C}
	EndGlobalSection
EndGlobal
